
Microsoft Visual Studio Solution File, Format Version 12.00
# Visual Studio Version 17
VisualStudioVersion = 17.11.35222.181
MinimumVisualStudioVersion = 10.0.40219.1
Project("{8BC9CEB8-8B4A-11D0-8D11-00A0C91BC942}") = "Projectile Shooter", "Projectile Shooter.vcxproj", "{9F2E0966-608D-45E3-8418-091CE17A08D1}"
EndProject
Global
	GlobalSection(SolutionConfigurationPlatforms) = preSolution
		Debug|x64 = Debug|x64
		Debug|x86 = Debug|x86
		Release|x64 = Release|x64
		Release|x86 = Release|x86
	EndGlobalSection
	GlobalSection(ProjectConfigurationPlatforms) = postSolution
		{9F2E0966-608D-45E3-8418-091CE17A08D1}.Debug|x64.ActiveCfg = Debug|x64
		{9F2E0966-608D-45E3-8418-091CE17A08D1}.Debug|x64.Build.0 = Debug|x64
		{9F2E0966-608D-45E3-8418-091CE17A08D1}.Debug|x86.ActiveCfg = Debug|Win32
		{9F2E0966-608D-45E3-8418-091CE17A08D1}.Debug|x86.Build.0 = Debug|Win32
		{9F2E0966-608D-45E3-8418-091CE17A08D1}.Release|x64.ActiveCfg = Release|x64
		{9F2E0966-608D-45E3-8418-091CE17A08D1}.Release|x64.Build.0 = Release|x64
		{9F2E0966-608D-45E3-8418-091CE17A08D1}.Release|x86.ActiveCfg = Release|Win32
		{9F2E0966-608D-45E3-8418-091CE17A08D1}.Release|x86.Build.0 = Release|Win32
	EndGlobalSection
	GlobalSection(SolutionProperties) = preSolution
		HideSolutionNode = FALSE
	EndGlobalSection
	GlobalSection(ExtensibilityGlobals) = postSolution
		SolutionGuid = {E4642989-AF23-40A2-9FC9-D56B2D09FB4F}
	EndGlobalSection
EndGlobal
